PODS:
  - Alamofire (3.4.1)
  - JLToast (1.4.2)
  - Nimble (3.2.0)
  - Quick (0.9.2)
  - Reachability (3.2)
  - RxAlamofire (2.5):
    - RxAlamofire/Core (= 2.5)
  - RxAlamofire/Core (2.5):
    - Alamofire (~> 3.4)
    - RxSwift (~> 2.5)
  - RxBlocking (2.5.0):
    - RxSwift (~> 2.5)
  - RxCocoa (2.5.0):
    - RxSwift (~> 2.5)
  - RxMVC (0.1.0):
    - RxCocoa (~> 2.0)
    - RxSwift (~> 2.0)
  - RxSwift (2.5.0)
  - RxTests (2.5.0):
    - RxSwift (~> 2.5)

DEPENDENCIES:
  - JLToast (~> 1.4)
  - Nimble (~> 3.0)
  - Quick (~> 0.8)
  - Reachability (~> 3.0)
  - RxAlamofire (~> 2.0)
  - RxBlocking (~> 2.0)
  - RxMVC (from `../`)
  - RxTests (~> 2.0)

EXTERNAL SOURCES:
  RxMVC:
    :path: ../

SPEC CHECKSUMS:
  Alamofire: 01a82e2f6c0f860ade35534c8dd88be61bdef40c
  JLToast: bf63282a7df069557e80c77dbd2c6b9f9fc4de72
  Nimble: 703854335d181df169bbca9c97117b5cf8c47c1d
  Quick: 18d057bc66451eedd5d1c8dc99ba2a5db6e60226
  Reachability: 33e18b67625424e47b6cde6d202dce689ad7af96
  RxAlamofire: b4572a077b6b2410c8732a27266299df4c00736e
  RxBlocking: 595d9ab56dde6b00beaa5aba40e95b150d2135f1
  RxCocoa: e1b1562e57a554d0fb2aabf9d71b637f177257c7
  RxMVC: a886d14d96c499e36b6339c3c0ea85cadf798aaa
  RxSwift: 402b41a50e922a0368fc14cb3bc9f4427920e8ae
  RxTests: 1b13bea0a138552b52aeead549ef08d578bcda9e

PODFILE CHECKSUM: 977adba89f38b8725c5c8ab92a25bc3c23f98c09

COCOAPODS: 1.0.1
